PODS:
  - libPusher (1.6.1):
    - libPusher/Core (= 1.6.1)
  - libPusher/Core (1.6.1):
    - SocketRocket (= 0.5.1)
  - SocketRocket (0.5.1)

DEPENDENCIES:
  - libPusher (from `https://github.com/pusher/libPusher.git`, branch `push-notifications`)
  - SocketRocket

EXTERNAL SOURCES:
  libPusher:
    :branch: push-notifications
    :git: https://github.com/pusher/libPusher.git

CHECKOUT OPTIONS:
  libPusher:
    :commit: 77d0f8a006d1fe7cb244164441739681d0804d6b
    :git: https://github.com/pusher/libPusher.git

SPEC CHECKSUMS:
  libPusher: 1736d345c679c20c1c5315ced3d7a783bc140ee4
  SocketRocket: d57c7159b83c3c6655745cd15302aa24b6bae531

PODFILE CHECKSUM: 62fc53a3009b6491b1a4b069fb0639f2b3035545

COCOAPODS: 1.0.1
