PODS:
  - boost-for-react-native (1.63.0)
  - DoubleConversion (1.1.6)
  - FBLazyVector (0.62.3)
  - FBReactNativeSpec (0.62.3):
    - Folly (= 2018.10.22.00)
    - RCTRequired (= 0.62.3)
    - RCTTypeSafety (= 0.62.3)
    - React-Core (= 0.62.3)
    - React-jsi (= 0.62.3)
    - ReactCommon/turbomodule/core (= 0.62.3)
  - Firebase/Core (6.13.0):
    - Firebase/CoreOnly
    - FirebaseAnalytics (= 6.1.6)
  - Firebase/CoreOnly (6.13.0):
    - FirebaseCore (= 6.4.0)
  - Firebase/Messaging (6.13.0):
    - Firebase/CoreOnly
    - FirebaseMessaging (~> 4.1.9)
  - FirebaseAnalytics (6.1.6):
    - FirebaseCore (~> 6.4)
    - FirebaseInstanceID (~> 4.2)
    - GoogleAppMeasurement (= 6.1.6)
    - GoogleUtilities/AppDelegateSwizzler (~> 6.0)
    - GoogleUtilities/MethodSwizzler (~> 6.0)
    - GoogleUtilities/Network (~> 6.0)
    - "GoogleUtilities/NSData+zlib (~> 6.0)"
    - nanopb (= 0.3.9011)
  - FirebaseAnalyticsInterop (1.5.0)
  - FirebaseCore (6.4.0):
    - FirebaseCoreDiagnostics (~> 1.0)
    - FirebaseCoreDiagnosticsInterop (~> 1.0)
    - GoogleUtilities/Environment (~> 6.2)
    - GoogleUtilities/Logger (~> 6.2)
  - FirebaseCoreDiagnostics (1.2.4):
    - FirebaseCoreDiagnosticsInterop (~> 1.2)
    - GoogleDataTransportCCTSupport (~> 3.0)
    - GoogleUtilities/Environment (~> 6.5)
    - GoogleUtilities/Logger (~> 6.5)
    - nanopb (~> 0.3.901)
  - FirebaseCoreDiagnosticsInterop (1.2.0)
  - FirebaseInstanceID (4.2.7):
    - FirebaseCore (~> 6.0)
    - GoogleUtilities/Environment (~> 6.0)
    - GoogleUtilities/UserDefaults (~> 6.0)
  - FirebaseMessaging (4.1.10):
    - FirebaseAnalyticsInterop (~> 1.3)
    - FirebaseCore (~> 6.2)
    - FirebaseInstanceID (~> 4.1)
    - GoogleUtilities/AppDelegateSwizzler (~> 6.2)
    - GoogleUtilities/Environment (~> 6.2)
    - GoogleUtilities/Reachability (~> 6.2)
    - GoogleUtilities/UserDefaults (~> 6.2)
    - Protobuf (>= 3.9.2, ~> 3.9)
  - Folly (2018.10.22.00):
    - boost-for-react-native
    - DoubleConversion
    - Folly/Default (= 2018.10.22.00)
    - glog
  - Folly/Default (2018.10.22.00):
    - boost-for-react-native
    - DoubleConversion
    - glog
  - glog (0.3.5)
  - GoogleAppMeasurement (6.1.6):
    - GoogleUtilities/AppDelegateSwizzler (~> 6.0)
    - GoogleUtilities/MethodSwizzler (~> 6.0)
    - GoogleUtilities/Network (~> 6.0)
    - "GoogleUtilities/NSData+zlib (~> 6.0)"
    - nanopb (= 0.3.9011)
  - GoogleDataTransport (6.2.1)
  - GoogleDataTransportCCTSupport (3.0.0):
    - GoogleDataTransport (~> 6.0)
    - nanopb (~> 0.3.901)
  - GoogleUtilities/AppDelegateSwizzler (6.7.2):
    - GoogleUtilities/Environment
    - GoogleUtilities/Logger
    - GoogleUtilities/Network
  - GoogleUtilities/Environment (6.7.2):
    - PromisesObjC (~> 1.2)
  - GoogleUtilities/Logger (6.7.2):
    - GoogleUtilities/Environment
  - GoogleUtilities/MethodSwizzler (6.7.2):
    - GoogleUtilities/Logger
  - GoogleUtilities/Network (6.7.2):
    - GoogleUtilities/Logger
    - "GoogleUtilities/NSData+zlib"
    - GoogleUtilities/Reachability
  - "GoogleUtilities/NSData+zlib (6.7.2)"
  - GoogleUtilities/Reachability (6.7.2):
    - GoogleUtilities/Logger
  - GoogleUtilities/UserDefaults (6.7.2):
    - GoogleUtilities/Logger
  - nanopb (0.3.9011):
    - nanopb/decode (= 0.3.9011)
    - nanopb/encode (= 0.3.9011)
  - nanopb/decode (0.3.9011)
  - nanopb/encode (0.3.9011)
  - PromisesObjC (1.2.12)
  - Protobuf (3.18.1)
  - RCTRequired (0.62.3)
  - RCTTypeSafety (0.62.3):
    - FBLazyVector (= 0.62.3)
    - Folly (= 2018.10.22.00)
    - RCTRequired (= 0.62.3)
    - React-Core (= 0.62.3)
  - React (0.62.3):
    - React-Core (= 0.62.3)
    - React-Core/DevSupport (= 0.62.3)
    - React-Core/RCTWebSocket (= 0.62.3)
    - React-RCTActionSheet (= 0.62.3)
    - React-RCTAnimation (= 0.62.3)
    - React-RCTBlob (= 0.62.3)
    - React-RCTImage (= 0.62.3)
    - React-RCTLinking (= 0.62.3)
    - React-RCTNetwork (= 0.62.3)
    - React-RCTSettings (= 0.62.3)
    - React-RCTText (= 0.62.3)
    - React-RCTVibration (= 0.62.3)
  - React-Core (0.62.3):
    - Folly (= 2018.10.22.00)
    - glog
    - React-Core/Default (= 0.62.3)
    - React-cxxreact (= 0.62.3)
    - React-jsi (= 0.62.3)
    - React-jsiexecutor (= 0.62.3)
    - Yoga
  - React-Core/Default (0.62.3):
    - Folly (= 2018.10.22.00)
    - glog
    - React-cxxreact (= 0.62.3)
    - React-jsi (= 0.62.3)
    - React-jsiexecutor (= 0.62.3)
    - Yoga
  - React-Core/DevSupport (0.62.3):
    - Folly (= 2018.10.22.00)
    - glog
    - React-Core/Default (= 0.62.3)
    - React-Core/RCTWebSocket (= 0.62.3)
    - React-cxxreact (= 0.62.3)
    - React-jsi (= 0.62.3)
    - React-jsiexecutor (= 0.62.3)
    - React-jsinspector (= 0.62.3)
    - Yoga
  - React-Core/RCTActionSheetHeaders (0.62.3):
    - Folly (= 2018.10.22.00)
    - glog
    - React-Core/Default
    - React-cxxreact (= 0.62.3)
    - React-jsi (= 0.62.3)
    - React-jsiexecutor (= 0.62.3)
    - Yoga
  - React-Core/RCTAnimationHeaders (0.62.3):
    - Folly (= 2018.10.22.00)
    - glog
    - React-Core/Default
    - React-cxxreact (= 0.62.3)
    - React-jsi (= 0.62.3)
    - React-jsiexecutor (= 0.62.3)
    - Yoga
  - React-Core/RCTBlobHeaders (0.62.3):
    - Folly (= 2018.10.22.00)
    - glog
    - React-Core/Default
    - React-cxxreact (= 0.62.3)
    - React-jsi (= 0.62.3)
    - React-jsiexecutor (= 0.62.3)
    - Yoga
  - React-Core/RCTImageHeaders (0.62.3):
    - Folly (= 2018.10.22.00)
    - glog
    - React-Core/Default
    - React-cxxreact (= 0.62.3)
    - React-jsi (= 0.62.3)
    - React-jsiexecutor (= 0.62.3)
    - Yoga
  - React-Core/RCTLinkingHeaders (0.62.3):
    - Folly (= 2018.10.22.00)
    - glog
    - React-Core/Default
    - React-cxxreact (= 0.62.3)
    - React-jsi (= 0.62.3)
    - React-jsiexecutor (= 0.62.3)
    - Yoga
  - React-Core/RCTNetworkHeaders (0.62.3):
    - Folly (= 2018.10.22.00)
    - glog
    - React-Core/Default
    - React-cxxreact (= 0.62.3)
    - React-jsi (= 0.62.3)
    - React-jsiexecutor (= 0.62.3)
    - Yoga
  - React-Core/RCTSettingsHeaders (0.62.3):
    - Folly (= 2018.10.22.00)
    - glog
    - React-Core/Default
    - React-cxxreact (= 0.62.3)
    - React-jsi (= 0.62.3)
    - React-jsiexecutor (= 0.62.3)
    - Yoga
  - React-Core/RCTTextHeaders (0.62.3):
    - Folly (= 2018.10.22.00)
    - glog
    - React-Core/Default
    - React-cxxreact (= 0.62.3)
    - React-jsi (= 0.62.3)
    - React-jsiexecutor (= 0.62.3)
    - Yoga
  - React-Core/RCTVibrationHeaders (0.62.3):
    - Folly (= 2018.10.22.00)
    - glog
    - React-Core/Default
    - React-cxxreact (= 0.62.3)
    - React-jsi (= 0.62.3)
    - React-jsiexecutor (= 0.62.3)
    - Yoga
  - React-Core/RCTWebSocket (0.62.3):
    - Folly (= 2018.10.22.00)
    - glog
    - React-Core/Default (= 0.62.3)
    - React-cxxreact (= 0.62.3)
    - React-jsi (= 0.62.3)
    - React-jsiexecutor (= 0.62.3)
    - Yoga
  - React-cxxreact (0.62.3):
    - boost-for-react-native (= 1.63.0)
    - DoubleConversion
    - Folly (= 2018.10.22.00)
    - glog
    - React-jsinspector (= 0.62.3)
  - React-jsi (0.62.3):
    - boost-for-react-native (= 1.63.0)
    - DoubleConversion
    - Folly (= 2018.10.22.00)
    - glog
    - React-jsi/Default (= 0.62.3)
  - React-jsi/Default (0.62.3):
    - boost-for-react-native (= 1.63.0)
    - DoubleConversion
    - Folly (= 2018.10.22.00)
    - glog
  - React-jsiexecutor (0.62.3):
    - DoubleConversion
    - Folly (= 2018.10.22.00)
    - glog
    - React-cxxreact (= 0.62.3)
    - React-jsi (= 0.62.3)
  - React-jsinspector (0.62.3)
  - react-native-blur (0.8.0):
    - React
  - react-native-google-analytics-bridge (5.9.0):
    - react-native-google-analytics-bridge/Core (= 5.9.0)
  - react-native-google-analytics-bridge/Core (5.9.0):
    - React
  - react-native-netinfo (4.6.1):
    - React
  - react-native-splash-screen (3.2.0):
    - React
  - react-native-webview (7.5.1):
    - React
  - React-RCTActionSheet (0.62.3):
    - React-Core/RCTActionSheetHeaders (= 0.62.3)
  - React-RCTAnimation (0.62.3):
    - FBReactNativeSpec (= 0.62.3)
    - Folly (= 2018.10.22.00)
    - RCTTypeSafety (= 0.62.3)
    - React-Core/RCTAnimationHeaders (= 0.62.3)
    - ReactCommon/turbomodule/core (= 0.62.3)
  - React-RCTBlob (0.62.3):
    - FBReactNativeSpec (= 0.62.3)
    - Folly (= 2018.10.22.00)
    - React-Core/RCTBlobHeaders (= 0.62.3)
    - React-Core/RCTWebSocket (= 0.62.3)
    - React-jsi (= 0.62.3)
    - React-RCTNetwork (= 0.62.3)
    - ReactCommon/turbomodule/core (= 0.62.3)
  - React-RCTImage (0.62.3):
    - FBReactNativeSpec (= 0.62.3)
    - Folly (= 2018.10.22.00)
    - RCTTypeSafety (= 0.62.3)
    - React-Core/RCTImageHeaders (= 0.62.3)
    - React-RCTNetwork (= 0.62.3)
    - ReactCommon/turbomodule/core (= 0.62.3)
  - React-RCTLinking (0.62.3):
    - FBReactNativeSpec (= 0.62.3)
    - React-Core/RCTLinkingHeaders (= 0.62.3)
    - ReactCommon/turbomodule/core (= 0.62.3)
  - React-RCTNetwork (0.62.3):
    - FBReactNativeSpec (= 0.62.3)
    - Folly (= 2018.10.22.00)
    - RCTTypeSafety (= 0.62.3)
    - React-Core/RCTNetworkHeaders (= 0.62.3)
    - ReactCommon/turbomodule/core (= 0.62.3)
  - React-RCTSettings (0.62.3):
    - FBReactNativeSpec (= 0.62.3)
    - Folly (= 2018.10.22.00)
    - RCTTypeSafety (= 0.62.3)
    - React-Core/RCTSettingsHeaders (= 0.62.3)
    - ReactCommon/turbomodule/core (= 0.62.3)
  - React-RCTText (0.62.3):
    - React-Core/RCTTextHeaders (= 0.62.3)
  - React-RCTVibration (0.62.3):
    - FBReactNativeSpec (= 0.62.3)
    - Folly (= 2018.10.22.00)
    - React-Core/RCTVibrationHeaders (= 0.62.3)
    - ReactCommon/turbomodule/core (= 0.62.3)
  - ReactCommon/callinvoker (0.62.3):
    - DoubleConversion
    - Folly (= 2018.10.22.00)
    - glog
    - React-cxxreact (= 0.62.3)
  - ReactCommon/turbomodule/core (0.62.3):
    - DoubleConversion
    - Folly (= 2018.10.22.00)
    - glog
    - React-Core (= 0.62.3)
    - React-cxxreact (= 0.62.3)
    - React-jsi (= 0.62.3)
    - ReactCommon/callinvoker (= 0.62.3)
  - rn-fetch-blob (0.11.2):
    - React-Core
  - RNDeviceInfo (2.1.2):
    - React
  - RNFBApp (6.7.1):
    - Firebase/Core (~> 6.13.0)
    - React
  - RNFBMessaging (6.7.1):
    - Firebase/Core (~> 6.13.0)
    - Firebase/Messaging (~> 6.13.0)
    - React
    - RNFBApp
  - RNSentry (1.7.0):
    - React
    - Sentry (~> 5.1.8)
  - RNSVG (9.13.3):
    - React
  - RNVectorIcons (7.0.0):
    - React
  - Sentry (5.1.10):
    - Sentry/Core (= 5.1.10)
  - Sentry/Core (5.1.10)
  - SocketRocket (0.6.0)
  - Yoga (1.14.0)

DEPENDENCIES:
  - DoubleConversion (from `../node_modules/react-native/third-party-podspecs/DoubleConversion.podspec`)
  - FBLazyVector (from `../node_modules/react-native/Libraries/FBLazyVector`)
  - FBReactNativeSpec (from `../node_modules/react-native/Libraries/FBReactNativeSpec`)
  - Firebase/Core
  - Folly (from `../node_modules/react-native/third-party-podspecs/Folly.podspec`)
  - glog (from `../node_modules/react-native/third-party-podspecs/glog.podspec`)
  - RCTRequired (from `../node_modules/react-native/Libraries/RCTRequired`)
  - RCTTypeSafety (from `../node_modules/react-native/Libraries/TypeSafety`)
  - React (from `../node_modules/react-native/`)
  - React-Core (from `../node_modules/react-native/`)
  - React-Core/DevSupport (from `../node_modules/react-native/`)
  - React-Core/RCTWebSocket (from `../node_modules/react-native/`)
  - React-cxxreact (from `../node_modules/react-native/ReactCommon/cxxreact`)
  - React-jsi (from `../node_modules/react-native/ReactCommon/jsi`)
  - React-jsiexecutor (from `../node_modules/react-native/ReactCommon/jsiexecutor`)
  - React-jsinspector (from `../node_modules/react-native/ReactCommon/jsinspector`)
  - "react-native-blur (from `../node_modules/@react-native-community/blur`)"
  - react-native-google-analytics-bridge (from `../node_modules/react-native-google-analytics-bridge`)
  - "react-native-netinfo (from `../node_modules/@react-native-community/netinfo`)"
  - react-native-splash-screen (from `../node_modules/react-native-splash-screen`)
  - react-native-webview (from `../node_modules/react-native-webview`)
  - React-RCTActionSheet (from `../node_modules/react-native/Libraries/ActionSheetIOS`)
  - React-RCTAnimation (from `../node_modules/react-native/Libraries/NativeAnimation`)
  - React-RCTBlob (from `../node_modules/react-native/Libraries/Blob`)
  - React-RCTImage (from `../node_modules/react-native/Libraries/Image`)
  - React-RCTLinking (from `../node_modules/react-native/Libraries/LinkingIOS`)
  - React-RCTNetwork (from `../node_modules/react-native/Libraries/Network`)
  - React-RCTSettings (from `../node_modules/react-native/Libraries/Settings`)
  - React-RCTText (from `../node_modules/react-native/Libraries/Text`)
  - React-RCTVibration (from `../node_modules/react-native/Libraries/Vibration`)
  - ReactCommon/turbomodule/core (from `../node_modules/react-native/ReactCommon`)
  - rn-fetch-blob (from `../node_modules/rn-fetch-blob`)
  - RNDeviceInfo (from `../node_modules/react-native-device-info`)
  - "RNFBApp (from `../node_modules/@react-native-firebase/app`)"
  - "RNFBMessaging (from `../node_modules/@react-native-firebase/messaging`)"
  - "RNSentry (from `../node_modules/@sentry/react-native`)"
  - RNSVG (from `../node_modules/react-native-svg`)
  - RNVectorIcons (from `../node_modules/react-native-vector-icons`)
  - SocketRocket
  - Yoga (from `../node_modules/react-native/ReactCommon/yoga`)

SPEC REPOS:
  trunk:
    - boost-for-react-native
    - Firebase
    - FirebaseAnalytics
    - FirebaseAnalyticsInterop
    - FirebaseCore
    - FirebaseCoreDiagnostics
    - FirebaseCoreDiagnosticsInterop
    - FirebaseInstanceID
    - FirebaseMessaging
    - GoogleAppMeasurement
    - GoogleDataTransport
    - GoogleDataTransportCCTSupport
    - GoogleUtilities
    - nanopb
    - PromisesObjC
    - Protobuf
    - Sentry
    - SocketRocket

EXTERNAL SOURCES:
  DoubleConversion:
    :podspec: "../node_modules/react-native/third-party-podspecs/DoubleConversion.podspec"
  FBLazyVector:
    :path: "../node_modules/react-native/Libraries/FBLazyVector"
  FBReactNativeSpec:
    :path: "../node_modules/react-native/Libraries/FBReactNativeSpec"
  Folly:
    :podspec: "../node_modules/react-native/third-party-podspecs/Folly.podspec"
  glog:
    :podspec: "../node_modules/react-native/third-party-podspecs/glog.podspec"
  RCTRequired:
    :path: "../node_modules/react-native/Libraries/RCTRequired"
  RCTTypeSafety:
    :path: "../node_modules/react-native/Libraries/TypeSafety"
  React:
    :path: "../node_modules/react-native/"
  React-Core:
    :path: "../node_modules/react-native/"
  React-cxxreact:
    :path: "../node_modules/react-native/ReactCommon/cxxreact"
  React-jsi:
    :path: "../node_modules/react-native/ReactCommon/jsi"
  React-jsiexecutor:
    :path: "../node_modules/react-native/ReactCommon/jsiexecutor"
  React-jsinspector:
    :path: "../node_modules/react-native/ReactCommon/jsinspector"
  react-native-blur:
    :path: "../node_modules/@react-native-community/blur"
  react-native-google-analytics-bridge:
    :path: "../node_modules/react-native-google-analytics-bridge"
  react-native-netinfo:
    :path: "../node_modules/@react-native-community/netinfo"
  react-native-splash-screen:
    :path: "../node_modules/react-native-splash-screen"
  react-native-webview:
    :path: "../node_modules/react-native-webview"
  React-RCTActionSheet:
    :path: "../node_modules/react-native/Libraries/ActionSheetIOS"
  React-RCTAnimation:
    :path: "../node_modules/react-native/Libraries/NativeAnimation"
  React-RCTBlob:
    :path: "../node_modules/react-native/Libraries/Blob"
  React-RCTImage:
    :path: "../node_modules/react-native/Libraries/Image"
  React-RCTLinking:
    :path: "../node_modules/react-native/Libraries/LinkingIOS"
  React-RCTNetwork:
    :path: "../node_modules/react-native/Libraries/Network"
  React-RCTSettings:
    :path: "../node_modules/react-native/Libraries/Settings"
  React-RCTText:
    :path: "../node_modules/react-native/Libraries/Text"
  React-RCTVibration:
    :path: "../node_modules/react-native/Libraries/Vibration"
  ReactCommon:
    :path: "../node_modules/react-native/ReactCommon"
  rn-fetch-blob:
    :path: "../node_modules/rn-fetch-blob"
  RNDeviceInfo:
    :path: "../node_modules/react-native-device-info"
  RNFBApp:
    :path: "../node_modules/@react-native-firebase/app"
  RNFBMessaging:
    :path: "../node_modules/@react-native-firebase/messaging"
  RNSentry:
    :path: "../node_modules/@sentry/react-native"
  RNSVG:
    :path: "../node_modules/react-native-svg"
  RNVectorIcons:
    :path: "../node_modules/react-native-vector-icons"
  Yoga:
    :path: "../node_modules/react-native/ReactCommon/yoga"

SPEC CHECKSUMS:
  boost-for-react-native: 39c7adb57c4e60d6c5479dd8623128eb5b3f0f2c
  DoubleConversion: 5805e889d232975c086db112ece9ed034df7a0b2
  FBLazyVector: a93c5eef764b16789fa7875aac4e09119e806ad4
  FBReactNativeSpec: 587095d51601d15e04d21658df4bb7f030d0e7e1
  Firebase: 458d109512200d1aca2e1b9b6cf7d68a869a4a46
  FirebaseAnalytics: 45f36d9c429fc91d206283900ab75390cd05ee8a
  FirebaseAnalyticsInterop: 3f86269c38ae41f47afeb43ebf32a001f58fcdae
  FirebaseCore: 307ea2508df730c5865334e41965bd9ea344b0e5
  FirebaseCoreDiagnostics: b59c024493a409f8aecba02c99928d0d8431d159
  FirebaseCoreDiagnosticsInterop: 296e2c5f5314500a850ad0b83e9e7c10b011a850
  FirebaseInstanceID: ebd2ea79ee38db0cb5f5167b17a0d387e1cc7b6e
  FirebaseMessaging: 089b7a4991425783384acc8bcefcd78c0af913bd
  Folly: 30e7936e1c45c08d884aa59369ed951a8e68cf51
  glog: 1f3da668190260b06b429bb211bfbee5cd790c28
  GoogleAppMeasurement: dfe55efa543e899d906309eaaac6ca26d249862f
  GoogleDataTransport: 9a8a16f79feffc7f42096743de2a7c4815e84020
  GoogleDataTransportCCTSupport: 0f39025e8cf51f168711bd3fb773938d7e62ddb5
  GoogleUtilities: 7f2f5a07f888cdb145101d6042bc4422f57e70b3
  nanopb: 18003b5e52dab79db540fe93fe9579f399bd1ccd
  PromisesObjC: 3113f7f76903778cf4a0586bd1ab89329a0b7b97
  Protobuf: 0ac2cdc92fb5c33dab66dd1c4e9f9cc4c34d00ba
  RCTRequired: c689bd96375408b455d1cda431d76e8226f6c726
  RCTTypeSafety: 9c1123190d064e9077e4dba96d51b93d10e0a8a5
  React: 1618bf33d410e5c30e313341fad837d7a82ae75e
  React-Core: 033265923ba9f8d3aff2a01465656d733763cf3d
  React-cxxreact: f2e92695b9f589b282aa32600764c3360cfbada4
  React-jsi: ef7ed91688be7e01bc78080062b428ce1bcd79d0
  React-jsiexecutor: d664a436303eb2cf9919df250f40ce5cf5e99fbe
  React-jsinspector: 74f6ea8f9d38ff44cc8f9867b2ecc9130d6cc2e5
  react-native-blur: cad4d93b364f91e7b7931b3fa935455487e5c33c
  react-native-google-analytics-bridge: 95334ced9e20c9e7a23a2b7a6e2ab878b0acdc61
  react-native-netinfo: 16c6408c311572f17f9ffc3fa12614489307b6cf
  react-native-splash-screen: 200d11d188e2e78cea3ad319964f6142b6384865
  react-native-webview: b7ad1323338cb52e370bb07d6141308953ff2440
  React-RCTActionSheet: abb6e20cdc3710d3442d735cdb2c641a5597f35d
  React-RCTAnimation: cacf34437277ae266c95896f40eb4e7604017132
  React-RCTBlob: ab3a193130b61816f8f3807941087873bfd5e8a4
  React-RCTImage: 52e151112199cc145107bb457e1df70ada999e40
  React-RCTLinking: 9ef27375004b7a3a2194f042f50d7c17dc92b91a
  React-RCTNetwork: 5057bcebafde579a78fcf477e19beef2a461b375
  React-RCTSettings: 5f6ec67d0d61c3d12f116b9314c4f3bcaf3e43df
  React-RCTText: fc8aaead300090f23dd0974545d75e3c43883922
  React-RCTVibration: 36a70f1015574284fa6770993c1e83a1f85dbabc
  ReactCommon: 3ea86417fa6e432b500579df40b057df54cfb4d4
  rn-fetch-blob: f525a73a78df9ed5d35e67ea65e79d53c15255bc
  RNDeviceInfo: fd8296de6fca8b743cdc499b896f48e8a9f1faf5
  RNFBApp: 7b539bb25520fa73d6a240f5c6ea569e27683645
  RNFBMessaging: c55142d3b2d34d706bf12bd5eef9ef35254c2df1
  RNSentry: 05192c14c02562eb7810d6ac3c227b68e76cfb9c
  RNSVG: f6177f8d7c095fada7cfee2e4bb7388ba426064c
  RNVectorIcons: da6fe858f5a65d7bbc3379540a889b0b12aa5976
  Sentry: 8715e88b813bde9ad37aead365d5b04ac7302153
  SocketRocket: fccef3f9c5cedea1353a9ef6ada904fde10d6608
  Yoga: b5db822228963b87948afa7a5a531088607151dc

PODFILE CHECKSUM: 11a1f7e2ab9afe2414190bccecdaf4b0b1c8847c

COCOAPODS: 1.10.0
